
Microsoft Visual Studio Solution File, Format Version 12.00
# Visual Studio Version 17
VisualStudioVersion = 17.7.34031.279
MinimumVisualStudioVersion = 10.0.40219.1
Project("{8BC9CEB8-8B4A-11D0-8D11-00A0C91BC942}") = "LAB_6.3rec", "LAB_6.3rec\LAB_6.3rec.vcxproj", "{C0BEFADA-A15B-4203-89AA-FACA13392070}"
EndProject
Project("{8BC9CEB8-8B4A-11D0-8D11-00A0C91BC942}") = "UnitTest1_LAB_6.3rec", "UnitTest1_LAB_6.3rec\UnitTest1_LAB_6.3rec.vcxproj", "{99707175-9E2D-460E-940A-92EE1CFD48E2}"
EndProject
Global
	GlobalSection(SolutionConfigurationPlatforms) = preSolution
		Debug|x64 = Debug|x64
		Debug|x86 = Debug|x86
		Release|x64 = Release|x64
		Release|x86 = Release|x86
	EndGlobalSection
	GlobalSection(ProjectConfigurationPlatforms) = postSolution
		{C0BEFADA-A15B-4203-89AA-FACA13392070}.Debug|x64.ActiveCfg = Debug|x64
		{C0BEFADA-A15B-4203-89AA-FACA13392070}.Debug|x64.Build.0 = Debug|x64
		{C0BEFADA-A15B-4203-89AA-FACA13392070}.Debug|x86.ActiveCfg = Debug|Win32
		{C0BEFADA-A15B-4203-89AA-FACA13392070}.Debug|x86.Build.0 = Debug|Win32
		{C0BEFADA-A15B-4203-89AA-FACA13392070}.Release|x64.ActiveCfg = Release|x64
		{C0BEFADA-A15B-4203-89AA-FACA13392070}.Release|x64.Build.0 = Release|x64
		{C0BEFADA-A15B-4203-89AA-FACA13392070}.Release|x86.ActiveCfg = Release|Win32
		{C0BEFADA-A15B-4203-89AA-FACA13392070}.Release|x86.Build.0 = Release|Win32
		{99707175-9E2D-460E-940A-92EE1CFD48E2}.Debug|x64.ActiveCfg = Debug|x64
		{99707175-9E2D-460E-940A-92EE1CFD48E2}.Debug|x64.Build.0 = Debug|x64
		{99707175-9E2D-460E-940A-92EE1CFD48E2}.Debug|x86.ActiveCfg = Debug|Win32
		{99707175-9E2D-460E-940A-92EE1CFD48E2}.Debug|x86.Build.0 = Debug|Win32
		{99707175-9E2D-460E-940A-92EE1CFD48E2}.Release|x64.ActiveCfg = Release|x64
		{99707175-9E2D-460E-940A-92EE1CFD48E2}.Release|x64.Build.0 = Release|x64
		{99707175-9E2D-460E-940A-92EE1CFD48E2}.Release|x86.ActiveCfg = Release|Win32
		{99707175-9E2D-460E-940A-92EE1CFD48E2}.Release|x86.Build.0 = Release|Win32
	EndGlobalSection
	GlobalSection(SolutionProperties) = preSolution
		HideSolutionNode = FALSE
	EndGlobalSection
	GlobalSection(ExtensibilityGlobals) = postSolution
		SolutionGuid = {788604EB-70DA-49BE-8ED3-ECC9A5E8742E}
	EndGlobalSection
EndGlobal
